PODS:
  - Alamofire (4.6.0)
  - GCDWebServer (3.4.2):
    - GCDWebServer/Core (= 3.4.2)
  - GCDWebServer/Core (3.4.2)

DEPENDENCIES:
  - Alamofire (~> 4.6.0)
  - GCDWebServer (~> 3.4.2)

SPEC REPOS:
  https://github.com/cocoapods/specs.git:
    - Alamofire
    - GCDWebServer

SPEC CHECKSUMS:
  Alamofire: f41a599bd63041760b26d393ec1069d9d7b917f4
  GCDWebServer: 8d67ee9f634b4bb91eb4b8aee440318a5fc6debd

PODFILE CHECKSUM: e1e66a0b2effa6dda8040d843f825e13b72af4d0

COCOAPODS: 1.5.3
